<?xml version="1.0" encoding="utf-8"?>
<Project ToolsVersion="16.0" xmlns="http://schemas.microsoft.com/developer/msbuild/2003">
  <ItemGroup>
    <ClCompile Include="E:\xxy\graphics\LearnOpenGL\src\5.advanced_lighting\5.3.parallax_occlusion_mapping\parallax_occlusion_mapping.cpp">
      <Filter>Source Files</Filter>
    </ClCompile>
  </ItemGroup>
  <ItemGroup>
    <CustomBuild Include="E:\xxy\graphics\LearnOpenGL\CMakeLists.txt" />
  </ItemGroup>
  <ItemGroup>
    <None Include="E:\xxy\graphics\LearnOpenGL\src\5.advanced_lighting\5.3.parallax_occlusion_mapping\5.3.parallax_mapping.fs" />
    <None Include="E:\xxy\graphics\LearnOpenGL\src\5.advanced_lighting\5.3.parallax_occlusion_mapping\5.3.parallax_mapping.vs" />
  </ItemGroup>
  <ItemGroup>
    <Filter Include="Source Files">
      <UniqueIdentifier>{A6620985-D427-39CA-9D14-99D1D0C182FE}</UniqueIdentifier>
    </Filter>
  </ItemGroup>
</Project>
